{
  "lockfileVersion": 1,
  "configVersion": 1,
  "workspaces": {
    "": {
      "name": "exo-dashboard-gherkin-parser",
      "dependencies": {
        "@cucumber/gherkin": "^29.0.0",
        "@cucumber/messages": "^26.0.0",
      },
    },
  },
  "packages": {
    "@cucumber/gherkin": ["@cucumber/gherkin@29.0.0", "", { "dependencies": { "@cucumber/messages": "<=25" } }, "sha512-6t3V7fFsLlyhLSj4FS+fPz22pPVcFhFZ3QOP7otFYmkhZ4g1ierj5pf7fxJWvEsI555hGatg+Iql6cqK93RFUg=="],

    "@cucumber/messages": ["@cucumber/messages@26.0.1", "", { "dependencies": { "@types/uuid": "10.0.0", "class-transformer": "0.5.1", "reflect-metadata": "0.2.2", "uuid": "10.0.0" } }, "sha512-DIxSg+ZGariumO+Lq6bn4kOUIUET83A4umrnWmidjGFl8XxkBieUZtsmNbLYgH/gnsmP07EfxxdTr0hOchV1Sg=="],

    "@types/uuid": ["@types/uuid@10.0.0", "", {}, "sha512-7gqG38EyHgyP1S+7+xomFtL+ZNHcKv6DwNaCZmJmo1vgMugyF3TCnXVg4t1uk89mLNwnLtnY3TpOpCOyp1/xHQ=="],

    "class-transformer": ["class-transformer@0.5.1", "", {}, "sha512-SQa1Ws6hUbfC98vKGxZH3KFY0Y1lm5Zm0SY8XX9zbK7FJCyVEac3ATW0RIpwzW+oOfmHE5PMPufDG9hCfoEOMw=="],

    "reflect-metadata": ["reflect-metadata@0.2.2", "", {}, "sha512-urBwgfrvVP/eAyXx4hluJivBKzuEbSQs9rKWCrCkbSxNv8mxPcUZKeuoF3Uy4mJl3Lwprp6yy5/39VWigZ4K6Q=="],

    "uuid": ["uuid@10.0.0", "", { "bin": { "uuid": "dist/bin/uuid" } }, "sha512-8XkAphELsDnEGrDxUOHB3RGvXz6TeuYSGEZBOjtTtPm2lwhGBjLgOzLHB63IUWfBpNucQjND6d3AOudO+H3RWQ=="],

    "@cucumber/gherkin/@cucumber/messages": ["@cucumber/messages@25.0.1", "", { "dependencies": { "@types/uuid": "9.0.8", "class-transformer": "0.5.1", "reflect-metadata": "0.2.2", "uuid": "9.0.1" } }, "sha512-RjjhmzcauX5eYfcKns5pgenefDJQcfXE3ZDrVWdUDGcoaoyFVDmj+ZzQZWRWqFrfMjP3lKHJss6LtvIP/z+h8g=="],

    "@cucumber/gherkin/@cucumber/messages/@types/uuid": ["@types/uuid@9.0.8", "", {}, "sha512-jg+97EGIcY9AGHJJRaaPVgetKDsrTgbRjQ5Msgjh/DQKEFl0DtyRr/VCOyD1T2R1MNeWPK/u7JoGhlDZnKBAfA=="],

    "@cucumber/gherkin/@cucumber/messages/uuid": ["uuid@9.0.1", "", { "bin": { "uuid": "dist/bin/uuid" } }, "sha512-b+1eJOlsR9K8HJpow9Ok3fiWOWSIcIzXodvv0rQjVoOVNpWMpxf1wZNpt4y9h10odCNrqnYp1OBzRktckBe3sA=="],
  }
}
